
Microsoft Visual Studio Solution File, Format Version 12.00
# Visual Studio Version 16
VisualStudioVersion = 16.0.30717.126
MinimumVisualStudioVersion = 10.0.40219.1
Project("{FAE04EC0-301F-11D3-BF4B-00C04F79EFBC}") = "Assignment10", "Assignment10\Assignment10.csproj", "{CAC6DB9E-5FE7-49C5-8A65-B8C68BFEEF22}"
EndProject
Global
	GlobalSection(SolutionConfigurationPlatforms) = preSolution
		Debug|Any CPU = Debug|Any CPU
		Release|Any CPU = Release|Any CPU
	EndGlobalSection
	GlobalSection(ProjectConfigurationPlatforms) = postSolution
		{CAC6DB9E-5FE7-49C5-8A65-B8C68BFEEF22}.Debug|Any CPU.ActiveCfg = Debug|Any CPU
		{CAC6DB9E-5FE7-49C5-8A65-B8C68BFEEF22}.Debug|Any CPU.Build.0 = Debug|Any CPU
		{CAC6DB9E-5FE7-49C5-8A65-B8C68BFEEF22}.Release|Any CPU.ActiveCfg = Release|Any CPU
		{CAC6DB9E-5FE7-49C5-8A65-B8C68BFEEF22}.Release|Any CPU.Build.0 = Release|Any CPU
	EndGlobalSection
	GlobalSection(SolutionProperties) = preSolution
		HideSolutionNode = FALSE
	EndGlobalSection
	GlobalSection(ExtensibilityGlobals) = postSolution
		SolutionGuid = {C6D0E27C-19E4-4F79-B35C-33179AA1C168}
	EndGlobalSection
EndGlobal
